{
  "name": "deltalytix-desktop",
  "version": "0.1.0",
  "lockfileVersion": 3,
  "requires": true,
  "packages": {
    "": {
      "name": "deltalytix-desktop",
      "version": "0.1.0",
      "devDependencies": {
        "@native-sdk/cli": "^0.4.1"
      }
    },
    "node_modules/@native-sdk/cli": {
      "version": "0.4.1",
      "resolved": "https://registry.npmjs.org/@native-sdk/cli/-/cli-0.4.1.tgz",
      "integrity": "sha512-Yri35fFubtea+DaswVpX/nHhDHulDfe8+cdoBN2YqKq7CFPQg8JfKl5nIKOKe7cvr50sfSLwInDqn+BOX8qMRQ==",
      "dev": true,
      "license": "Apache-2.0",
      "bin": {
        "native": "bin/native.js"
      },
      "optionalDependencies": {
        "@native-sdk/cli-darwin-arm64": "0.4.1",
        "@native-sdk/cli-darwin-x64": "0.4.1",
        "@native-sdk/cli-linux-arm64-gnu": "0.4.1",
        "@native-sdk/cli-linux-arm64-musl": "0.4.1",
        "@native-sdk/cli-linux-x64-gnu": "0.4.1",
        "@native-sdk/cli-linux-x64-musl": "0.4.1",
        "@native-sdk/cli-win32-arm64": "0.4.1",
        "@native-sdk/cli-win32-x64": "0.4.1"
      }
    },
    "node_modules/@native-sdk/cli-darwin-arm64": {
      "version": "0.4.1",
      "resolved": "https://registry.npmjs.org/@native-sdk/cli-darwin-arm64/-/cli-darwin-arm64-0.4.1.tgz",
      "integrity": "sha512-8C6CPUHgByLIDwXYQjTEvPc7/T48deLz3OrJf5ogpQAwE1HE4j/L/sHyPNtCmfj5gWQ0Fov68Cu3gmD3NyqPng==",
      "cpu": [
        "arm64"
      ],
      "dev": true,
      "license": "Apache-2.0",
      "optional": true,
      "os": [
        "darwin"
      ]
    },
    "node_modules/@native-sdk/cli-darwin-x64": {
      "version": "0.4.1",
      "resolved": "https://registry.npmjs.org/@native-sdk/cli-darwin-x64/-/cli-darwin-x64-0.4.1.tgz",
      "integrity": "sha512-Y55LUUEgRP5HihsI1PML35+TLVOv9CaA5j3CBjIfnOjW5mmZLK7tRFKSU2EE4/0nonBnaUVHWkq1m/yox3RcVw==",
      "cpu": [
        "x64"
      ],
      "dev": true,
      "license": "Apache-2.0",
      "optional": true,
      "os": [
        "darwin"
      ]
    },
    "node_modules/@native-sdk/cli-linux-arm64-gnu": {
      "version": "0.4.1",
      "resolved": "https://registry.npmjs.org/@native-sdk/cli-linux-arm64-gnu/-/cli-linux-arm64-gnu-0.4.1.tgz",
      "integrity": "sha512-AzycWDtZZ2tWds5LWCoU7LtumOgH6aJqezpAK7sMHCO8CKiQ5w6WsLC3ZCp6NTtD8oyzKuuaLC7cErTOdZk4hg==",
      "cpu": [
        "arm64"
      ],
      "dev": true,
      "license": "Apache-2.0",
      "optional": true,
      "os": [
        "linux"
      ]
    },
    "node_modules/@native-sdk/cli-linux-arm64-musl": {
      "version": "0.4.1",
      "resolved": "https://registry.npmjs.org/@native-sdk/cli-linux-arm64-musl/-/cli-linux-arm64-musl-0.4.1.tgz",
      "integrity": "sha512-+WqzGHTo5jROQGzxlJRpYzeg+leX7Qx14Wl39FBmIfRXYxYgqV2i+8apoF5KtAdN8eS4Tu/Xfmy1PPHfJy8zpQ==",
      "cpu": [
        "arm64"
      ],
      "dev": true,
      "license": "Apache-2.0",
      "optional": true,
      "os": [
        "linux"
      ]
    },
    "node_modules/@native-sdk/cli-linux-x64-gnu": {
      "version": "0.4.1",
      "resolved": "https://registry.npmjs.org/@native-sdk/cli-linux-x64-gnu/-/cli-linux-x64-gnu-0.4.1.tgz",
      "integrity": "sha512-Sd7QLyRJ6/7m0fXMQxBuXuiSaFbXTvKBFBZHdgZZp4XN0dYphToHT9hF/l5ma3dqkvOqN7e0Q32ahC5vYAyIIg==",
      "cpu": [
        "x64"
      ],
      "dev": true,
      "license": "Apache-2.0",
      "optional": true,
      "os": [
        "linux"
      ]
    },
    "node_modules/@native-sdk/cli-linux-x64-musl": {
      "version": "0.4.1",
      "resolved": "https://registry.npmjs.org/@native-sdk/cli-linux-x64-musl/-/cli-linux-x64-musl-0.4.1.tgz",
      "integrity": "sha512-PCrleLK32n2wVcNn/iAP8/EvEl+mrPp8G7bAL/CWSVc2B/y0SlX51BTclSpJe3QCfX7ow9+VTtm++wh1tYVb6w==",
      "cpu": [
        "x64"
      ],
      "dev": true,
      "license": "Apache-2.0",
      "optional": true,
      "os": [
        "linux"
      ]
    },
    "node_modules/@native-sdk/cli-win32-arm64": {
      "version": "0.4.1",
      "resolved": "https://registry.npmjs.org/@native-sdk/cli-win32-arm64/-/cli-win32-arm64-0.4.1.tgz",
      "integrity": "sha512-6sqqm+WXFxOlQEeCtFqFpTg/S2dd+bswUCVbQHTf31KM6+VeWnL92EcZpT4DaX9w4Ql3vjdNC/e+uUgRLrpn4A==",
      "cpu": [
        "arm64"
      ],
      "dev": true,
      "license": "Apache-2.0",
      "optional": true,
      "os": [
        "win32"
      ]
    },
    "node_modules/@native-sdk/cli-win32-x64": {
      "version": "0.4.1",
      "resolved": "https://registry.npmjs.org/@native-sdk/cli-win32-x64/-/cli-win32-x64-0.4.1.tgz",
      "integrity": "sha512-E8hEO3/tpN2hDY+liDpI1AE5IeK9CRKEzhA76QsKh55vCA9UuFNCFMr5LdFZtvGlqX7P5PEzwBwfvcxRrUSbuA==",
      "cpu": [
        "x64"
      ],
      "dev": true,
      "license": "Apache-2.0",
      "optional": true,
      "os": [
        "win32"
      ]
    }
  }
}
